
Microsoft Visual Studio Solution File, Format Version 12.00
# Visual Studio Version 17
VisualStudioVersion = 17.7.34024.191
MinimumVisualStudioVersion = 10.0.40219.1
Project("{FAE04EC0-301F-11D3-BF4B-00C04F79EFBC}") = "SisEnterprise_2.0", "SisEnterprise_2.0.csproj", "{2050A217-913F-4C5D-B05A-A22ED4008F2F}"
EndProject
Global
	GlobalSection(SolutionConfigurationPlatforms) = preSolution
		Debug|Any CPU = Debug|Any CPU
		Release|Any CPU = Release|Any CPU
	EndGlobalSection
	GlobalSection(ProjectConfigurationPlatforms) = postSolution
		{2050A217-913F-4C5D-B05A-A22ED4008F2F}.Debug|Any CPU.ActiveCfg = Debug|Any CPU
		{2050A217-913F-4C5D-B05A-A22ED4008F2F}.Debug|Any CPU.Build.0 = Debug|Any CPU
		{2050A217-913F-4C5D-B05A-A22ED4008F2F}.Release|Any CPU.ActiveCfg = Release|Any CPU
		{2050A217-913F-4C5D-B05A-A22ED4008F2F}.Release|Any CPU.Build.0 = Release|Any CPU
	EndGlobalSection
	GlobalSection(SolutionProperties) = preSolution
		HideSolutionNode = FALSE
	EndGlobalSection
	GlobalSection(ExtensibilityGlobals) = postSolution
		SolutionGuid = {85B1CAA5-5A63-4380-BA70-3550F90A8E1B}
	EndGlobalSection
EndGlobal
